
Microsoft Visual Studio Solution File, Format Version 12.00
# Visual Studio Version 17
VisualStudioVersion = 17.0.31903.59
MinimumVisualStudioVersion = 10.0.40219.1
Project("{2150E333-8FDC-42A3-9474-1A3956D46DE8}") = "src", "src", "{5F4C2574-9CFB-4C74-9A66-039164A56055}"
EndProject
Project("{FAE04EC0-301F-11D3-BF4B-00C04F79EFBC}") = "AuctionService", "src\AuctionService\AuctionService.csproj", "{32F3E158-BB65-436E-B0FE-545C9AB17615}"
EndProject
Project("{FAE04EC0-301F-11D3-BF4B-00C04F79EFBC}") = "SearchService", "src\SearchService\SearchService.csproj", "{8A577481-A832-4AB6-84F8-52BC7D3DD1E2}"
EndProject
Project("{FAE04EC0-301F-11D3-BF4B-00C04F79EFBC}") = "Contracts", "src\Contracts\Contracts.csproj", "{B25F5078-1E26-43A1-9769-E3D3E76AC7BA}"
EndProject
Project("{FAE04EC0-301F-11D3-BF4B-00C04F79EFBC}") = "IdentityService", "src\IdentityService\IdentityService.csproj", "{EFAFE632-E450-437B-AE4F-5461281E8DBD}"
EndProject
Project("{FAE04EC0-301F-11D3-BF4B-00C04F79EFBC}") = "GatewayService", "src\GatewayService\GatewayService.csproj", "{811517BC-B38C-4F49-803A-BAF7935C4E8C}"
EndProject
Project("{FAE04EC0-301F-11D3-BF4B-00C04F79EFBC}") = "BiddingService", "src\BiddingService\BiddingService.csproj", "{E0D89C72-B4FF-462D-8E43-09F6CB91AB50}"
EndProject
Project("{FAE04EC0-301F-11D3-BF4B-00C04F79EFBC}") = "NotificationService", "src\NotificationService\NotificationService.csproj", "{E7D1827E-396B-4F81-84E0-7C919989BE9A}"
EndProject
Global
	GlobalSection(SolutionConfigurationPlatforms) = preSolution
		Debug|Any CPU = Debug|Any CPU
		Release|Any CPU = Release|Any CPU
	EndGlobalSection
	GlobalSection(SolutionProperties) = preSolution
		HideSolutionNode = FALSE
	EndGlobalSection
	GlobalSection(ProjectConfigurationPlatforms) = postSolution
		{32F3E158-BB65-436E-B0FE-545C9AB17615}.Debug|Any CPU.ActiveCfg = Debug|Any CPU
		{32F3E158-BB65-436E-B0FE-545C9AB17615}.Debug|Any CPU.Build.0 = Debug|Any CPU
		{32F3E158-BB65-436E-B0FE-545C9AB17615}.Release|Any CPU.ActiveCfg = Release|Any CPU
		{32F3E158-BB65-436E-B0FE-545C9AB17615}.Release|Any CPU.Build.0 = Release|Any CPU
		{8A577481-A832-4AB6-84F8-52BC7D3DD1E2}.Debug|Any CPU.ActiveCfg = Debug|Any CPU
		{8A577481-A832-4AB6-84F8-52BC7D3DD1E2}.Debug|Any CPU.Build.0 = Debug|Any CPU
		{8A577481-A832-4AB6-84F8-52BC7D3DD1E2}.Release|Any CPU.ActiveCfg = Release|Any CPU
		{8A577481-A832-4AB6-84F8-52BC7D3DD1E2}.Release|Any CPU.Build.0 = Release|Any CPU
		{B25F5078-1E26-43A1-9769-E3D3E76AC7BA}.Debug|Any CPU.ActiveCfg = Debug|Any CPU
		{B25F5078-1E26-43A1-9769-E3D3E76AC7BA}.Debug|Any CPU.Build.0 = Debug|Any CPU
		{B25F5078-1E26-43A1-9769-E3D3E76AC7BA}.Release|Any CPU.ActiveCfg = Release|Any CPU
		{B25F5078-1E26-43A1-9769-E3D3E76AC7BA}.Release|Any CPU.Build.0 = Release|Any CPU
		{EFAFE632-E450-437B-AE4F-5461281E8DBD}.Debug|Any CPU.ActiveCfg = Debug|Any CPU
		{EFAFE632-E450-437B-AE4F-5461281E8DBD}.Debug|Any CPU.Build.0 = Debug|Any CPU
		{EFAFE632-E450-437B-AE4F-5461281E8DBD}.Release|Any CPU.ActiveCfg = Release|Any CPU
		{EFAFE632-E450-437B-AE4F-5461281E8DBD}.Release|Any CPU.Build.0 = Release|Any CPU
		{811517BC-B38C-4F49-803A-BAF7935C4E8C}.Debug|Any CPU.ActiveCfg = Debug|Any CPU
		{811517BC-B38C-4F49-803A-BAF7935C4E8C}.Debug|Any CPU.Build.0 = Debug|Any CPU
		{811517BC-B38C-4F49-803A-BAF7935C4E8C}.Release|Any CPU.ActiveCfg = Release|Any CPU
		{811517BC-B38C-4F49-803A-BAF7935C4E8C}.Release|Any CPU.Build.0 = Release|Any CPU
		{E0D89C72-B4FF-462D-8E43-09F6CB91AB50}.Debug|Any CPU.ActiveCfg = Debug|Any CPU
		{E0D89C72-B4FF-462D-8E43-09F6CB91AB50}.Debug|Any CPU.Build.0 = Debug|Any CPU
		{E0D89C72-B4FF-462D-8E43-09F6CB91AB50}.Release|Any CPU.ActiveCfg = Release|Any CPU
		{E0D89C72-B4FF-462D-8E43-09F6CB91AB50}.Release|Any CPU.Build.0 = Release|Any CPU
		{E7D1827E-396B-4F81-84E0-7C919989BE9A}.Debug|Any CPU.ActiveCfg = Debug|Any CPU
		{E7D1827E-396B-4F81-84E0-7C919989BE9A}.Debug|Any CPU.Build.0 = Debug|Any CPU
		{E7D1827E-396B-4F81-84E0-7C919989BE9A}.Release|Any CPU.ActiveCfg = Release|Any CPU
		{E7D1827E-396B-4F81-84E0-7C919989BE9A}.Release|Any CPU.Build.0 = Release|Any CPU
	EndGlobalSection
	GlobalSection(NestedProjects) = preSolution
		{32F3E158-BB65-436E-B0FE-545C9AB17615} = {5F4C2574-9CFB-4C74-9A66-039164A56055}
		{8A577481-A832-4AB6-84F8-52BC7D3DD1E2} = {5F4C2574-9CFB-4C74-9A66-039164A56055}
		{B25F5078-1E26-43A1-9769-E3D3E76AC7BA} = {5F4C2574-9CFB-4C74-9A66-039164A56055}
		{EFAFE632-E450-437B-AE4F-5461281E8DBD} = {5F4C2574-9CFB-4C74-9A66-039164A56055}
		{811517BC-B38C-4F49-803A-BAF7935C4E8C} = {5F4C2574-9CFB-4C74-9A66-039164A56055}
		{E0D89C72-B4FF-462D-8E43-09F6CB91AB50} = {5F4C2574-9CFB-4C74-9A66-039164A56055}
		{E7D1827E-396B-4F81-84E0-7C919989BE9A} = {5F4C2574-9CFB-4C74-9A66-039164A56055}
	EndGlobalSection
EndGlobal
