
Microsoft Visual Studio Solution File, Format Version 12.00
# Visual Studio Version 17
VisualStudioVersion = 17.0.31903.59
MinimumVisualStudioVersion = 10.0.40219.1
Project("{2150E333-8FDC-42A3-9474-1A3956D46DE8}") = "src", "src", "{5F4C2574-9CFB-4C74-9A66-039164A56055}"
EndProject
Project("{FAE04EC0-301F-11D3-BF4B-00C04F79EFBC}") = "AuctionService", "src\AuctionService\AuctionService.csproj", "{32F3E158-BB65-436E-B0FE-545C9AB17615}"
EndProject
Project("{FAE04EC0-301F-11D3-BF4B-00C04F79EFBC}") = "SearchService", "src\SearchService\SearchService.csproj", "{8A577481-A832-4AB6-84F8-52BC7D3DD1E2}"
EndProject
Project("{FAE04EC0-301F-11D3-BF4B-00C04F79EFBC}") = "Contracts", "src\Contracts\Contracts.csproj", "{B25F5078-1E26-43A1-9769-E3D3E76AC7BA}"
EndProject
Global
	GlobalSection(SolutionConfigurationPlatforms) = preSolution
		Debug|Any CPU = Debug|Any CPU
		Release|Any CPU = Release|Any CPU
	EndGlobalSection
	GlobalSection(SolutionProperties) = preSolution
		HideSolutionNode = FALSE
	EndGlobalSection
	GlobalSection(ProjectConfigurationPlatforms) = postSolution
		{32F3E158-BB65-436E-B0FE-545C9AB17615}.Debug|Any CPU.ActiveCfg = Debug|Any CPU
		{32F3E158-BB65-436E-B0FE-545C9AB17615}.Debug|Any CPU.Build.0 = Debug|Any CPU
		{32F3E158-BB65-436E-B0FE-545C9AB17615}.Release|Any CPU.ActiveCfg = Release|Any CPU
		{32F3E158-BB65-436E-B0FE-545C9AB17615}.Release|Any CPU.Build.0 = Release|Any CPU
		{8A577481-A832-4AB6-84F8-52BC7D3DD1E2}.Debug|Any CPU.ActiveCfg = Debug|Any CPU
		{8A577481-A832-4AB6-84F8-52BC7D3DD1E2}.Debug|Any CPU.Build.0 = Debug|Any CPU
		{8A577481-A832-4AB6-84F8-52BC7D3DD1E2}.Release|Any CPU.ActiveCfg = Release|Any CPU
		{8A577481-A832-4AB6-84F8-52BC7D3DD1E2}.Release|Any CPU.Build.0 = Release|Any CPU
		{B25F5078-1E26-43A1-9769-E3D3E76AC7BA}.Debug|Any CPU.ActiveCfg = Debug|Any CPU
		{B25F5078-1E26-43A1-9769-E3D3E76AC7BA}.Debug|Any CPU.Build.0 = Debug|Any CPU
		{B25F5078-1E26-43A1-9769-E3D3E76AC7BA}.Release|Any CPU.ActiveCfg = Release|Any CPU
		{B25F5078-1E26-43A1-9769-E3D3E76AC7BA}.Release|Any CPU.Build.0 = Release|Any CPU
	EndGlobalSection
	GlobalSection(NestedProjects) = preSolution
		{32F3E158-BB65-436E-B0FE-545C9AB17615} = {5F4C2574-9CFB-4C74-9A66-039164A56055}
		{8A577481-A832-4AB6-84F8-52BC7D3DD1E2} = {5F4C2574-9CFB-4C74-9A66-039164A56055}
		{B25F5078-1E26-43A1-9769-E3D3E76AC7BA} = {5F4C2574-9CFB-4C74-9A66-039164A56055}
	EndGlobalSection
EndGlobal
